
Microsoft Visual Studio Solution File, Format Version 12.00
# Visual Studio Version 17
VisualStudioVersion = 17.14.36717.8 d17.14
MinimumVisualStudioVersion = 10.0.40219.1
Project("{FAE04EC0-301F-11D3-BF4B-00C04F79EFBC}") = "PriorityQueue", "PriorityQueue.csproj", "{FE0C07D3-3047-4381-9B43-6970FFC72823}"
EndProject
Global
	GlobalSection(SolutionConfigurationPlatforms) = preSolution
		Debug|Any CPU = Debug|Any CPU
		Release|Any CPU = Release|Any CPU
	EndGlobalSection
	GlobalSection(ProjectConfigurationPlatforms) = postSolution
		{FE0C07D3-3047-4381-9B43-6970FFC72823}.Debug|Any CPU.ActiveCfg = Debug|Any CPU
		{FE0C07D3-3047-4381-9B43-6970FFC72823}.Debug|Any CPU.Build.0 = Debug|Any CPU
		{FE0C07D3-3047-4381-9B43-6970FFC72823}.Release|Any CPU.ActiveCfg = Release|Any CPU
		{FE0C07D3-3047-4381-9B43-6970FFC72823}.Release|Any CPU.Build.0 = Release|Any CPU
	EndGlobalSection
	GlobalSection(SolutionProperties) = preSolution
		HideSolutionNode = FALSE
	EndGlobalSection
	GlobalSection(ExtensibilityGlobals) = postSolution
		SolutionGuid = {D293817E-E6F3-481F-8E66-005BFD18CD72}
	EndGlobalSection
EndGlobal
