
Microsoft Visual Studio Solution File, Format Version 12.00
# Visual Studio Version 17
VisualStudioVersion = 17.14.36717.8 d17.14
MinimumVisualStudioVersion = 10.0.40219.1
Project("{FAE04EC0-301F-11D3-BF4B-00C04F79EFBC}") = "MySort", "MySort.csproj", "{6E107F42-5939-47A8-A9BA-B24E48B1C303}"
EndProject
Global
	GlobalSection(SolutionConfigurationPlatforms) = preSolution
		Debug|Any CPU = Debug|Any CPU
		Release|Any CPU = Release|Any CPU
	EndGlobalSection
	GlobalSection(ProjectConfigurationPlatforms) = postSolution
		{6E107F42-5939-47A8-A9BA-B24E48B1C303}.Debug|Any CPU.ActiveCfg = Debug|Any CPU
		{6E107F42-5939-47A8-A9BA-B24E48B1C303}.Debug|Any CPU.Build.0 = Debug|Any CPU
		{6E107F42-5939-47A8-A9BA-B24E48B1C303}.Release|Any CPU.ActiveCfg = Release|Any CPU
		{6E107F42-5939-47A8-A9BA-B24E48B1C303}.Release|Any CPU.Build.0 = Release|Any CPU
	EndGlobalSection
	GlobalSection(SolutionProperties) = preSolution
		HideSolutionNode = FALSE
	EndGlobalSection
	GlobalSection(ExtensibilityGlobals) = postSolution
		SolutionGuid = {2A50F15B-BDC0-4D4B-8FD3-12C75D0F7E7D}
	EndGlobalSection
EndGlobal
